
Microsoft Visual Studio Solution File, Format Version 9.00
# Visual Studio 2005
Project("{FAE04EC0-301F-11D3-BF4B-00C04F79EFBC}") = "ProfitLine", "ProfitLine\ProfitLine.csproj", "{AE9B81CC-0EB5-4344-844C-A940B6470C1F}"
EndProject
Project("{FAE04EC0-301F-11D3-BF4B-00C04F79EFBC}") = "ProfitLineIndicators", "ProfitLineIndicators\ProfitLineIndicators.csproj", "{11A7CE5E-A73D-45F0-B6AA-2459020758D4}"
EndProject
Global
	GlobalSection(SolutionConfigurationPlatforms) = preSolution
		Debug|Any CPU = Debug|Any CPU
		Release|Any CPU = Release|Any CPU
	EndGlobalSection
	GlobalSection(ProjectConfigurationPlatforms) = postSolution
		{AE9B81CC-0EB5-4344-844C-A940B6470C1F}.Debug|Any CPU.ActiveCfg = Debug|Any CPU
		{AE9B81CC-0EB5-4344-844C-A940B6470C1F}.Debug|Any CPU.Build.0 = Debug|Any CPU
		{AE9B81CC-0EB5-4344-844C-A940B6470C1F}.Release|Any CPU.ActiveCfg = Release|Any CPU
		{AE9B81CC-0EB5-4344-844C-A940B6470C1F}.Release|Any CPU.Build.0 = Release|Any CPU
		{11A7CE5E-A73D-45F0-B6AA-2459020758D4}.Debug|Any CPU.ActiveCfg = Debug|Any CPU
		{11A7CE5E-A73D-45F0-B6AA-2459020758D4}.Debug|Any CPU.Build.0 = Debug|Any CPU
		{11A7CE5E-A73D-45F0-B6AA-2459020758D4}.Release|Any CPU.ActiveCfg = Release|Any CPU
		{11A7CE5E-A73D-45F0-B6AA-2459020758D4}.Release|Any CPU.Build.0 = Release|Any CPU
	EndGlobalSection
	GlobalSection(SolutionProperties) = preSolution
		HideSolutionNode = FALSE
	EndGlobalSection
EndGlobal
