
Microsoft Visual Studio Solution File, Format Version 9.00
# Visual Studio 2005
Project("{FAE04EC0-301F-11D3-BF4B-00C04F79EFBC}") = "Gordago.ForexOptimizer", "Gordago.ForexOptimizer.csproj", "{456941FB-8144-46FD-8046-4BF9D14B99FF}"
EndProject
Project("{FAE04EC0-301F-11D3-BF4B-00C04F79EFBC}") = "Gordago.Core", "..\Gordago.Core\Gordago.Core.csproj", "{89F29EE1-0512-41E6-A11D-4AB90ED741C0}"
EndProject
Project("{FAE04EC0-301F-11D3-BF4B-00C04F79EFBC}") = "Gordago.DockManager", "..\Gordago.DockManager\Gordago.DockManager.csproj", "{EAB6E9D8-43CE-444F-9B2B-FC43BF45FF8A}"
EndProject
Project("{FAE04EC0-301F-11D3-BF4B-00C04F79EFBC}") = "Gordago.LiteUpdate", "..\Gordago.LiteUpdate\Gordago.LiteUpdate.csproj", "{812C3410-AF31-4A74-855F-2793DD1320B9}"
EndProject
Project("{FAE04EC0-301F-11D3-BF4B-00C04F79EFBC}") = "Gordago.Trader", "..\Gordago.Trader\Gordago.Trader.csproj", "{CD547573-E7CC-4A4D-BAD5-6BEE88388AC5}"
EndProject
Global
	GlobalSection(SolutionConfigurationPlatforms) = preSolution
		DEBUG_C|Any CPU = DEBUG_C|Any CPU
		Debug|Any CPU = Debug|Any CPU
		DEMO|Any CPU = DEMO|Any CPU
		Release|Any CPU = Release|Any CPU
	EndGlobalSection
	GlobalSection(ProjectConfigurationPlatforms) = postSolution
		{456941FB-8144-46FD-8046-4BF9D14B99FF}.DEBUG_C|Any CPU.ActiveCfg = Debug|Any CPU
		{456941FB-8144-46FD-8046-4BF9D14B99FF}.DEBUG_C|Any CPU.Build.0 = Debug|Any CPU
		{456941FB-8144-46FD-8046-4BF9D14B99FF}.Debug|Any CPU.ActiveCfg = Debug|Any CPU
		{456941FB-8144-46FD-8046-4BF9D14B99FF}.Debug|Any CPU.Build.0 = Debug|Any CPU
		{456941FB-8144-46FD-8046-4BF9D14B99FF}.DEMO|Any CPU.ActiveCfg = Debug|Any CPU
		{456941FB-8144-46FD-8046-4BF9D14B99FF}.DEMO|Any CPU.Build.0 = Debug|Any CPU
		{456941FB-8144-46FD-8046-4BF9D14B99FF}.Release|Any CPU.ActiveCfg = Release|Any CPU
		{456941FB-8144-46FD-8046-4BF9D14B99FF}.Release|Any CPU.Build.0 = Release|Any CPU
		{89F29EE1-0512-41E6-A11D-4AB90ED741C0}.DEBUG_C|Any CPU.ActiveCfg = Debug|Any CPU
		{89F29EE1-0512-41E6-A11D-4AB90ED741C0}.DEBUG_C|Any CPU.Build.0 = Debug|Any CPU
		{89F29EE1-0512-41E6-A11D-4AB90ED741C0}.Debug|Any CPU.ActiveCfg = Debug|Any CPU
		{89F29EE1-0512-41E6-A11D-4AB90ED741C0}.Debug|Any CPU.Build.0 = Debug|Any CPU
		{89F29EE1-0512-41E6-A11D-4AB90ED741C0}.DEMO|Any CPU.ActiveCfg = Debug|Any CPU
		{89F29EE1-0512-41E6-A11D-4AB90ED741C0}.DEMO|Any CPU.Build.0 = Debug|Any CPU
		{89F29EE1-0512-41E6-A11D-4AB90ED741C0}.Release|Any CPU.ActiveCfg = Release|Any CPU
		{89F29EE1-0512-41E6-A11D-4AB90ED741C0}.Release|Any CPU.Build.0 = Release|Any CPU
		{EAB6E9D8-43CE-444F-9B2B-FC43BF45FF8A}.DEBUG_C|Any CPU.ActiveCfg = Debug|Any CPU
		{EAB6E9D8-43CE-444F-9B2B-FC43BF45FF8A}.DEBUG_C|Any CPU.Build.0 = Debug|Any CPU
		{EAB6E9D8-43CE-444F-9B2B-FC43BF45FF8A}.Debug|Any CPU.ActiveCfg = Debug|Any CPU
		{EAB6E9D8-43CE-444F-9B2B-FC43BF45FF8A}.Debug|Any CPU.Build.0 = Debug|Any CPU
		{EAB6E9D8-43CE-444F-9B2B-FC43BF45FF8A}.DEMO|Any CPU.ActiveCfg = Debug|Any CPU
		{EAB6E9D8-43CE-444F-9B2B-FC43BF45FF8A}.DEMO|Any CPU.Build.0 = Debug|Any CPU
		{EAB6E9D8-43CE-444F-9B2B-FC43BF45FF8A}.Release|Any CPU.ActiveCfg = Release|Any CPU
		{EAB6E9D8-43CE-444F-9B2B-FC43BF45FF8A}.Release|Any CPU.Build.0 = Release|Any CPU
		{812C3410-AF31-4A74-855F-2793DD1320B9}.DEBUG_C|Any CPU.ActiveCfg = Debug|Any CPU
		{812C3410-AF31-4A74-855F-2793DD1320B9}.DEBUG_C|Any CPU.Build.0 = Debug|Any CPU
		{812C3410-AF31-4A74-855F-2793DD1320B9}.Debug|Any CPU.ActiveCfg = Debug|Any CPU
		{812C3410-AF31-4A74-855F-2793DD1320B9}.Debug|Any CPU.Build.0 = Debug|Any CPU
		{812C3410-AF31-4A74-855F-2793DD1320B9}.DEMO|Any CPU.ActiveCfg = Debug|Any CPU
		{812C3410-AF31-4A74-855F-2793DD1320B9}.DEMO|Any CPU.Build.0 = Debug|Any CPU
		{812C3410-AF31-4A74-855F-2793DD1320B9}.Release|Any CPU.ActiveCfg = Release|Any CPU
		{812C3410-AF31-4A74-855F-2793DD1320B9}.Release|Any CPU.Build.0 = Release|Any CPU
		{CD547573-E7CC-4A4D-BAD5-6BEE88388AC5}.DEBUG_C|Any CPU.ActiveCfg = Debug|Any CPU
		{CD547573-E7CC-4A4D-BAD5-6BEE88388AC5}.DEBUG_C|Any CPU.Build.0 = Debug|Any CPU
		{CD547573-E7CC-4A4D-BAD5-6BEE88388AC5}.Debug|Any CPU.ActiveCfg = Debug|Any CPU
		{CD547573-E7CC-4A4D-BAD5-6BEE88388AC5}.Debug|Any CPU.Build.0 = Debug|Any CPU
		{CD547573-E7CC-4A4D-BAD5-6BEE88388AC5}.DEMO|Any CPU.ActiveCfg = Debug|Any CPU
		{CD547573-E7CC-4A4D-BAD5-6BEE88388AC5}.DEMO|Any CPU.Build.0 = Debug|Any CPU
		{CD547573-E7CC-4A4D-BAD5-6BEE88388AC5}.Release|Any CPU.ActiveCfg = Release|Any CPU
		{CD547573-E7CC-4A4D-BAD5-6BEE88388AC5}.Release|Any CPU.Build.0 = Release|Any CPU
	EndGlobalSection
	GlobalSection(SolutionProperties) = preSolution
		HideSolutionNode = FALSE
	EndGlobalSection
	GlobalSection(ExtensibilityGlobals) = postSolution
		VisualSVNWorkingCopyRoot = ..\..
	EndGlobalSection
EndGlobal
