
Microsoft Visual Studio Solution File, Format Version 9.00
# Visual Studio 2005
Project("{FAE04EC0-301F-11D3-BF4B-00C04F79EFBC}") = "TestStrategy", "TestStrategy\TestStrategy.csproj", "{39DF4715-4CD8-4C47-97C8-3E4F7706C986}"
EndProject
Global
	GlobalSection(SolutionConfigurationPlatforms) = preSolution
		Debug|Any CPU = Debug|Any CPU
		DEMO|Any CPU = DEMO|Any CPU
		Release|Any CPU = Release|Any CPU
	EndGlobalSection
	GlobalSection(ProjectConfigurationPlatforms) = postSolution
		{39DF4715-4CD8-4C47-97C8-3E4F7706C986}.Debug|Any CPU.ActiveCfg = Debug|Any CPU
		{39DF4715-4CD8-4C47-97C8-3E4F7706C986}.Debug|Any CPU.Build.0 = Debug|Any CPU
		{39DF4715-4CD8-4C47-97C8-3E4F7706C986}.DEMO|Any CPU.ActiveCfg = Debug|Any CPU
		{39DF4715-4CD8-4C47-97C8-3E4F7706C986}.DEMO|Any CPU.Build.0 = Debug|Any CPU
		{39DF4715-4CD8-4C47-97C8-3E4F7706C986}.Release|Any CPU.ActiveCfg = Release|Any CPU
		{39DF4715-4CD8-4C47-97C8-3E4F7706C986}.Release|Any CPU.Build.0 = Release|Any CPU
	EndGlobalSection
	GlobalSection(SolutionProperties) = preSolution
		HideSolutionNode = FALSE
	EndGlobalSection
EndGlobal
