
Microsoft Visual Studio Solution File, Format Version 9.00
# SharpDevelop 2.2.1.2648
Project("{FAE04EC0-301F-11D3-BF4B-00C04F79EFBC}") = "ForexOptimizer", "Gordago.ForexOptimizer\Gordago.csproj", "{B19BD3CE-7600-4924-98DE-F548DF7CEE87}"
EndProject
Project("{FAE04EC0-301F-11D3-BF4B-00C04F79EFBC}") = "Cursit", "Cursit\cursit.csproj", "{64DB6D1E-D6BF-495F-A0A3-043BBCF9EAF2}"
EndProject
Project("{FAE04EC0-301F-11D3-BF4B-00C04F79EFBC}") = "Trader", "Gordago.Trader\Trader.csproj", "{CA02238E-00E0-403E-9784-FB6583F288CB}"
EndProject
Global
	GlobalSection(SolutionConfigurationPlatforms) = preSolution
		DEBUG_C|Any CPU = DEBUG_C|Any CPU
		Debug|Any CPU = Debug|Any CPU
		DEMO_DEBUG|Any CPU = DEMO_DEBUG|Any CPU
		DEMO|Any CPU = DEMO|Any CPU
		Release|Any CPU = Release|Any CPU
	EndGlobalSection
	GlobalSection(ProjectConfigurationPlatforms) = postSolution
		{B19BD3CE-7600-4924-98DE-F548DF7CEE87}.DEBUG_C|Any CPU.ActiveCfg = DEBUG_C|Any CPU
		{B19BD3CE-7600-4924-98DE-F548DF7CEE87}.DEBUG_C|Any CPU.Build.0 = DEBUG_C|Any CPU
		{B19BD3CE-7600-4924-98DE-F548DF7CEE87}.Debug|Any CPU.ActiveCfg = Debug|Any CPU
		{B19BD3CE-7600-4924-98DE-F548DF7CEE87}.Debug|Any CPU.Build.0 = Debug|Any CPU
		{B19BD3CE-7600-4924-98DE-F548DF7CEE87}.DEMO_DEBUG|Any CPU.ActiveCfg = DEMO_DEBUG|Any CPU
		{B19BD3CE-7600-4924-98DE-F548DF7CEE87}.DEMO_DEBUG|Any CPU.Build.0 = DEMO_DEBUG|Any CPU
		{B19BD3CE-7600-4924-98DE-F548DF7CEE87}.DEMO|Any CPU.ActiveCfg = DEMO|Any CPU
		{B19BD3CE-7600-4924-98DE-F548DF7CEE87}.DEMO|Any CPU.Build.0 = DEMO|Any CPU
		{B19BD3CE-7600-4924-98DE-F548DF7CEE87}.Release|Any CPU.ActiveCfg = Release|Any CPU
		{B19BD3CE-7600-4924-98DE-F548DF7CEE87}.Release|Any CPU.Build.0 = Release|Any CPU
		{64DB6D1E-D6BF-495F-A0A3-043BBCF9EAF2}.DEBUG_C|Any CPU.ActiveCfg = DEBUG_C|Any CPU
		{64DB6D1E-D6BF-495F-A0A3-043BBCF9EAF2}.DEBUG_C|Any CPU.Build.0 = DEBUG_C|Any CPU
		{64DB6D1E-D6BF-495F-A0A3-043BBCF9EAF2}.Debug|Any CPU.ActiveCfg = Debug|Any CPU
		{64DB6D1E-D6BF-495F-A0A3-043BBCF9EAF2}.Debug|Any CPU.Build.0 = Debug|Any CPU
		{64DB6D1E-D6BF-495F-A0A3-043BBCF9EAF2}.DEMO_DEBUG|Any CPU.ActiveCfg = DEMO_DEBUG|Any CPU
		{64DB6D1E-D6BF-495F-A0A3-043BBCF9EAF2}.DEMO_DEBUG|Any CPU.Build.0 = DEMO_DEBUG|Any CPU
		{64DB6D1E-D6BF-495F-A0A3-043BBCF9EAF2}.DEMO|Any CPU.ActiveCfg = DEMO|Any CPU
		{64DB6D1E-D6BF-495F-A0A3-043BBCF9EAF2}.DEMO|Any CPU.Build.0 = DEMO|Any CPU
		{64DB6D1E-D6BF-495F-A0A3-043BBCF9EAF2}.Release|Any CPU.ActiveCfg = Release|Any CPU
		{64DB6D1E-D6BF-495F-A0A3-043BBCF9EAF2}.Release|Any CPU.Build.0 = Release|Any CPU
		{CA02238E-00E0-403E-9784-FB6583F288CB}.DEBUG_C|Any CPU.ActiveCfg = DEBUG_C|Any CPU
		{CA02238E-00E0-403E-9784-FB6583F288CB}.DEBUG_C|Any CPU.Build.0 = DEBUG_C|Any CPU
		{CA02238E-00E0-403E-9784-FB6583F288CB}.Debug|Any CPU.ActiveCfg = Debug|Any CPU
		{CA02238E-00E0-403E-9784-FB6583F288CB}.Debug|Any CPU.Build.0 = Debug|Any CPU
		{CA02238E-00E0-403E-9784-FB6583F288CB}.DEMO_DEBUG|Any CPU.ActiveCfg = Debug|Any CPU
		{CA02238E-00E0-403E-9784-FB6583F288CB}.DEMO_DEBUG|Any CPU.Build.0 = Debug|Any CPU
		{CA02238E-00E0-403E-9784-FB6583F288CB}.DEMO|Any CPU.ActiveCfg = DEMO|Any CPU
		{CA02238E-00E0-403E-9784-FB6583F288CB}.DEMO|Any CPU.Build.0 = DEMO|Any CPU
		{CA02238E-00E0-403E-9784-FB6583F288CB}.Release|Any CPU.ActiveCfg = Release|Any CPU
		{CA02238E-00E0-403E-9784-FB6583F288CB}.Release|Any CPU.Build.0 = Release|Any CPU
		{3819110C-133B-46DC-AE59-C7E825172E47}.DEBUG_C|Any CPU.ActiveCfg = DEBUG_C|Any CPU
		{3819110C-133B-46DC-AE59-C7E825172E47}.DEBUG_C|Any CPU.Build.0 = DEBUG_C|Any CPU
		{3819110C-133B-46DC-AE59-C7E825172E47}.Debug|Any CPU.ActiveCfg = Debug|Any CPU
		{3819110C-133B-46DC-AE59-C7E825172E47}.Debug|Any CPU.Build.0 = Debug|Any CPU
		{3819110C-133B-46DC-AE59-C7E825172E47}.DEMO_DEBUG|Any CPU.ActiveCfg = Debug|Any CPU
		{3819110C-133B-46DC-AE59-C7E825172E47}.DEMO_DEBUG|Any CPU.Build.0 = Debug|Any CPU
		{3819110C-133B-46DC-AE59-C7E825172E47}.DEMO|Any CPU.ActiveCfg = Debug|Any CPU
		{3819110C-133B-46DC-AE59-C7E825172E47}.DEMO|Any CPU.Build.0 = Debug|Any CPU
		{3819110C-133B-46DC-AE59-C7E825172E47}.Release|Any CPU.ActiveCfg = Release|Any CPU
		{3819110C-133B-46DC-AE59-C7E825172E47}.Release|Any CPU.Build.0 = Release|Any CPU
	EndGlobalSection
	GlobalSection(SolutionProperties) = preSolution
		HideSolutionNode = FALSE
	EndGlobalSection
EndGlobal
