
Microsoft Visual Studio Solution File, Format Version 9.00
# Visual Studio 2005
Project("{FAE04EC0-301F-11D3-BF4B-00C04F79EFBC}") = "Gordago.IOTicks", "Gordago.IOTicks.csproj", "{617FDAC3-674D-4C9F-AE96-D068386A47B2}"
EndProject
Project("{FAE04EC0-301F-11D3-BF4B-00C04F79EFBC}") = "Gordago.Core", "..\Gordago.Core\Gordago.Core.csproj", "{89F29EE1-0512-41E6-A11D-4AB90ED741C0}"
EndProject
Project("{FAE04EC0-301F-11D3-BF4B-00C04F79EFBC}") = "Gordago.Trader", "..\Gordago.Trader\Gordago.Trader.csproj", "{CD547573-E7CC-4A4D-BAD5-6BEE88388AC5}"
EndProject
Global
	GlobalSection(SolutionConfigurationPlatforms) = preSolution
		DEBUG_C|Any CPU = DEBUG_C|Any CPU
		Debug|Any CPU = Debug|Any CPU
		DEMO|Any CPU = DEMO|Any CPU
		Release|Any CPU = Release|Any CPU
	EndGlobalSection
	GlobalSection(ProjectConfigurationPlatforms) = postSolution
		{617FDAC3-674D-4C9F-AE96-D068386A47B2}.DEBUG_C|Any CPU.ActiveCfg = Debug|Any CPU
		{617FDAC3-674D-4C9F-AE96-D068386A47B2}.DEBUG_C|Any CPU.Build.0 = Debug|Any CPU
		{617FDAC3-674D-4C9F-AE96-D068386A47B2}.Debug|Any CPU.ActiveCfg = Debug|Any CPU
		{617FDAC3-674D-4C9F-AE96-D068386A47B2}.Debug|Any CPU.Build.0 = Debug|Any CPU
		{617FDAC3-674D-4C9F-AE96-D068386A47B2}.DEMO|Any CPU.ActiveCfg = Debug|Any CPU
		{617FDAC3-674D-4C9F-AE96-D068386A47B2}.DEMO|Any CPU.Build.0 = Debug|Any CPU
		{617FDAC3-674D-4C9F-AE96-D068386A47B2}.Release|Any CPU.ActiveCfg = Release|Any CPU
		{617FDAC3-674D-4C9F-AE96-D068386A47B2}.Release|Any CPU.Build.0 = Release|Any CPU
		{89F29EE1-0512-41E6-A11D-4AB90ED741C0}.DEBUG_C|Any CPU.ActiveCfg = Debug|Any CPU
		{89F29EE1-0512-41E6-A11D-4AB90ED741C0}.DEBUG_C|Any CPU.Build.0 = Debug|Any CPU
		{89F29EE1-0512-41E6-A11D-4AB90ED741C0}.Debug|Any CPU.ActiveCfg = Debug|Any CPU
		{89F29EE1-0512-41E6-A11D-4AB90ED741C0}.Debug|Any CPU.Build.0 = Debug|Any CPU
		{89F29EE1-0512-41E6-A11D-4AB90ED741C0}.DEMO|Any CPU.ActiveCfg = Debug|Any CPU
		{89F29EE1-0512-41E6-A11D-4AB90ED741C0}.DEMO|Any CPU.Build.0 = Debug|Any CPU
		{89F29EE1-0512-41E6-A11D-4AB90ED741C0}.Release|Any CPU.ActiveCfg = Release|Any CPU
		{89F29EE1-0512-41E6-A11D-4AB90ED741C0}.Release|Any CPU.Build.0 = Release|Any CPU
		{CD547573-E7CC-4A4D-BAD5-6BEE88388AC5}.DEBUG_C|Any CPU.ActiveCfg = Debug|Any CPU
		{CD547573-E7CC-4A4D-BAD5-6BEE88388AC5}.DEBUG_C|Any CPU.Build.0 = Debug|Any CPU
		{CD547573-E7CC-4A4D-BAD5-6BEE88388AC5}.Debug|Any CPU.ActiveCfg = Debug|Any CPU
		{CD547573-E7CC-4A4D-BAD5-6BEE88388AC5}.Debug|Any CPU.Build.0 = Debug|Any CPU
		{CD547573-E7CC-4A4D-BAD5-6BEE88388AC5}.DEMO|Any CPU.ActiveCfg = Debug|Any CPU
		{CD547573-E7CC-4A4D-BAD5-6BEE88388AC5}.DEMO|Any CPU.Build.0 = Debug|Any CPU
		{CD547573-E7CC-4A4D-BAD5-6BEE88388AC5}.Release|Any CPU.ActiveCfg = Release|Any CPU
		{CD547573-E7CC-4A4D-BAD5-6BEE88388AC5}.Release|Any CPU.Build.0 = Release|Any CPU
	EndGlobalSection
	GlobalSection(SolutionProperties) = preSolution
		HideSolutionNode = FALSE
	EndGlobalSection
EndGlobal
